
Microsoft Visual Studio Solution File, Format Version 12.00
# Visual Studio Version 17
VisualStudioVersion = 17.0.32112.339
MinimumVisualStudioVersion = 10.0.40219.1
Project("{2150E333-8FDC-42A3-9474-1A3956D46DE8}") = "magic.data.common", "magic.data.common", "{751A0ED7-D322-4D70-ABF6-276C2BE241CC}"
EndProject
Project("{9A19103F-16F7-4668-BE54-9A1E7A4F7556}") = "dev_magic.data.common", "..\magic.data.common\magic.data.common\dev_magic.data.common.csproj", "{5D14114A-5B1E-40DC-87E6-238CB5BBFFFB}"
EndProject
Project("{9A19103F-16F7-4668-BE54-9A1E7A4F7556}") = "dev_magic.data.common.tests", "..\magic.data.common\magic.data.common.tests\dev_magic.data.common.tests.csproj", "{3DF21BFD-66A2-465A-B4A7-8A4F2F112C29}"
EndProject
Project("{2150E333-8FDC-42A3-9474-1A3956D46DE8}") = "magic.data.cql", "magic.data.cql", "{CBD98D01-E190-449F-882D-2A0FB2B79300}"
EndProject
Project("{9A19103F-16F7-4668-BE54-9A1E7A4F7556}") = "dev_magic.data.cql", "..\magic.data.cql\magic.data.cql\dev_magic.data.cql.csproj", "{9288C964-2B42-44B8-94CC-84CC8803B717}"
EndProject
Project("{2150E333-8FDC-42A3-9474-1A3956D46DE8}") = "magic.endpoint", "magic.endpoint", "{EEFF10F1-E16A-41D3-89AC-4772B3EB6AC3}"
EndProject
Project("{2150E333-8FDC-42A3-9474-1A3956D46DE8}") = "magic.endpoint", "magic.endpoint", "{58F6AED7-B881-4C26-8089-D2840357A792}"
EndProject
Project("{9A19103F-16F7-4668-BE54-9A1E7A4F7556}") = "dev_magic.endpoint.contracts", "..\magic.endpoint\magic.endpoint\magic.endpoint.contracts\dev_magic.endpoint.contracts.csproj", "{2C3B627D-25F6-4D07-BE91-0E86AB293D91}"
EndProject
Project("{9A19103F-16F7-4668-BE54-9A1E7A4F7556}") = "dev_magic.endpoint.controller", "..\magic.endpoint\magic.endpoint\magic.endpoint.controller\dev_magic.endpoint.controller.csproj", "{A2001912-6F2F-4D05-BD94-ACA04FEA7D25}"
EndProject
Project("{9A19103F-16F7-4668-BE54-9A1E7A4F7556}") = "dev_magic.endpoint.services", "..\magic.endpoint\magic.endpoint\magic.endpoint.services\dev_magic.endpoint.services.csproj", "{D6AA9408-10E9-4DB5-8ACB-AEA9F7E7D662}"
EndProject
Project("{9A19103F-16F7-4668-BE54-9A1E7A4F7556}") = "dev_magic.endpoint.tests", "..\magic.endpoint\magic.endpoint.tests\dev_magic.endpoint.tests.csproj", "{96C775F3-94FE-4250-8741-8BE162409C72}"
EndProject
Project("{2150E333-8FDC-42A3-9474-1A3956D46DE8}") = "magic.http", "magic.http", "{80F99C46-B856-47D4-8D3F-1DF5CB496555}"
EndProject
Project("{9A19103F-16F7-4668-BE54-9A1E7A4F7556}") = "dev_magic.http.contracts", "..\magic.http\magic.http.contracts\dev_magic.http.contracts.csproj", "{B7C31E01-9660-498E-9B04-DCD01B24AAD6}"
EndProject
Project("{9A19103F-16F7-4668-BE54-9A1E7A4F7556}") = "dev_magic.http.services", "..\magic.http\magic.http.services\dev_magic.http.services.csproj", "{5AB9127B-ED35-46FE-9D94-FF1839C98BF5}"
EndProject
Project("{9A19103F-16F7-4668-BE54-9A1E7A4F7556}") = "dev_magic.http.tests", "..\magic.http\magic.http.tests\dev_magic.http.tests.csproj", "{F6B97973-1161-4F73-81F0-59929FDF6019}"
EndProject
Project("{2150E333-8FDC-42A3-9474-1A3956D46DE8}") = "magic.lambda", "magic.lambda", "{CB5D8C1A-D7DA-4716-AFC4-EA021B0671FF}"
EndProject
Project("{9A19103F-16F7-4668-BE54-9A1E7A4F7556}") = "dev_magic.lambda", "..\magic.lambda\magic.lambda\dev_magic.lambda.csproj", "{F980EF8F-7212-4C14-87A5-DC75FC6267B8}"
EndProject
Project("{9A19103F-16F7-4668-BE54-9A1E7A4F7556}") = "dev_magic.lambda.tests", "..\magic.lambda\magic.lambda.tests\dev_magic.lambda.tests.csproj", "{053F7B4E-2EC1-42BF-8424-7170B4A1B0A6}"
EndProject
Project("{2150E333-8FDC-42A3-9474-1A3956D46DE8}") = "magic.lambda.ad-auth", "magic.lambda.ad-auth", "{EA252E4B-0235-4498-A588-874DA1C17873}"
EndProject
Project("{9A19103F-16F7-4668-BE54-9A1E7A4F7556}") = "dev_magic.lambda.ad-auth", "..\magic.lambda.ad-auth\magic.lambda.ad-auth\dev_magic.lambda.ad-auth.csproj", "{0D059D4C-D159-4E8A-BEA7-770F25E6887F}"
EndProject
Project("{2150E333-8FDC-42A3-9474-1A3956D46DE8}") = "magic.lambda.auth", "magic.lambda.auth", "{5B5A9B7E-08B3-4FA5-99BE-F15CB9919EFD}"
EndProject
Project("{9A19103F-16F7-4668-BE54-9A1E7A4F7556}") = "dev_magic.lambda.auth", "..\magic.lambda.auth\magic.lambda.auth\dev_magic.lambda.auth.csproj", "{65B9E2FB-5A53-46D7-8802-F1A13004AA6C}"
EndProject
Project("{9A19103F-16F7-4668-BE54-9A1E7A4F7556}") = "dev_magic.lambda.auth.tests", "..\magic.lambda.auth\magic.lambda.auth.tests\dev_magic.lambda.auth.tests.csproj", "{E9B63D5F-8739-4ADD-88B3-ED88167ECD9E}"
EndProject
Project("{2150E333-8FDC-42A3-9474-1A3956D46DE8}") = "magic.lambda.caching", "magic.lambda.caching", "{CBB2E7A6-24B4-435D-A1AF-8BFEBE39246A}"
EndProject
Project("{9A19103F-16F7-4668-BE54-9A1E7A4F7556}") = "dev_magic.lambda.caching", "..\magic.lambda.caching\magic.lambda.caching\dev_magic.lambda.caching.csproj", "{E4029EA4-9B0F-4F97-A34D-B91CECAD5297}"
EndProject
Project("{9A19103F-16F7-4668-BE54-9A1E7A4F7556}") = "dev_magic.lambda.caching.tests", "..\magic.lambda.caching\magic.lambda.caching.tests\dev_magic.lambda.caching.tests.csproj", "{1F9C20C9-BEB3-4CAA-ADFD-01DB95489C94}"
EndProject
Project("{2150E333-8FDC-42A3-9474-1A3956D46DE8}") = "magic.lambda.config", "magic.lambda.config", "{7F98D642-70E2-4EC5-8798-A061334FF32E}"
EndProject
Project("{9A19103F-16F7-4668-BE54-9A1E7A4F7556}") = "dev_magic.lambda.config", "..\magic.lambda.config\magic.lambda.config\dev_magic.lambda.config.csproj", "{45F0EB35-DF85-42F5-BF20-2A44496D34B8}"
EndProject
Project("{9A19103F-16F7-4668-BE54-9A1E7A4F7556}") = "dev_magic.lambda.config.tests", "..\magic.lambda.config\magic.lambda.config.tests\dev_magic.lambda.config.tests.csproj", "{444DCE87-E550-4009-B272-C0986A8586E6}"
EndProject
Project("{2150E333-8FDC-42A3-9474-1A3956D46DE8}") = "magic.lambda.cql", "magic.lambda.cql", "{56079070-E29D-4AEB-AE69-F64DE5318993}"
EndProject
Project("{9A19103F-16F7-4668-BE54-9A1E7A4F7556}") = "dev_magic.lambda.cql", "..\magic.lambda.cql\magic.lambda.cql\dev_magic.lambda.cql.csproj", "{FF01766B-5AE5-4807-9CF3-C37E4C991F09}"
EndProject
Project("{2150E333-8FDC-42A3-9474-1A3956D46DE8}") = "magic.lambda.crypto", "magic.lambda.crypto", "{00884F0E-50DF-48CB-8059-9CDAAFA584CD}"
EndProject
Project("{9A19103F-16F7-4668-BE54-9A1E7A4F7556}") = "dev_magic.lambda.crypto", "..\magic.lambda.crypto\magic.lambda.crypto\dev_magic.lambda.crypto.csproj", "{6168A293-F944-460C-9BE2-8CE1CE80CF88}"
EndProject
Project("{9A19103F-16F7-4668-BE54-9A1E7A4F7556}") = "dev_magic.lambda.crypto.tests", "..\magic.lambda.crypto\magic.lambda.crypto.tests\dev_magic.lambda.crypto.tests.csproj", "{B0B3EB4B-06E2-4E98-8F4B-565372A53211}"
EndProject
Project("{2150E333-8FDC-42A3-9474-1A3956D46DE8}") = "magic.lambda.csv", "magic.lambda.csv", "{7A329AD0-0FC0-4F69-8275-D0DDCABAACEF}"
EndProject
Project("{9A19103F-16F7-4668-BE54-9A1E7A4F7556}") = "dev_magic.lambda.csv", "..\magic.lambda.csv\magic.lambda.csv\dev_magic.lambda.csv.csproj", "{68127111-BA1D-46D9-B161-CC6DAB866929}"
EndProject
Project("{9A19103F-16F7-4668-BE54-9A1E7A4F7556}") = "dev_magic.lambda.csv.tests", "..\magic.lambda.csv\magic.lambda.csv.tests\dev_magic.lambda.csv.tests.csproj", "{CF85FC47-9C54-40CA-888E-78F6119A4FAD}"
EndProject
Project("{2150E333-8FDC-42A3-9474-1A3956D46DE8}") = "magic.lambda.dates", "magic.lambda.dates", "{B24F2357-D66B-45DA-8961-BA86C619BD55}"
EndProject
Project("{9A19103F-16F7-4668-BE54-9A1E7A4F7556}") = "dev_magic.lambda.dates", "..\magic.lambda.dates\magic.lambda.dates\dev_magic.lambda.dates.csproj", "{9743752A-7060-41C3-AFA8-00B601280903}"
EndProject
Project("{9A19103F-16F7-4668-BE54-9A1E7A4F7556}") = "dev_magic.lambda.dates.tests", "..\magic.lambda.dates\magic.lambda.dates.tests\dev_magic.lambda.dates.tests.csproj", "{476B71BF-522C-4446-A618-F897B3EE7C8C}"
EndProject
Project("{2150E333-8FDC-42A3-9474-1A3956D46DE8}") = "magic.lambda.guid", "magic.lambda.guid", "{34199F6B-A979-4D05-8AFB-DF390FB42A0A}"
EndProject
Project("{9A19103F-16F7-4668-BE54-9A1E7A4F7556}") = "dev_magic.lambda.guid", "..\magic.lambda.guid\magic.lambda.guid\dev_magic.lambda.guid.csproj", "{DB9F5C90-F090-44F4-84DD-8E6A73F23E6D}"
EndProject
Project("{9A19103F-16F7-4668-BE54-9A1E7A4F7556}") = "dev_magic.lambda.guid.tests", "..\magic.lambda.guid\magic.lambda.guid.tests\dev_magic.lambda.guid.tests.csproj", "{3199708E-F1FA-4FB7-80FA-00599F9123B9}"
EndProject
Project("{2150E333-8FDC-42A3-9474-1A3956D46DE8}") = "magic.lambda.html", "magic.lambda.html", "{ACED34EE-5E67-404B-9305-E55F1000091D}"
EndProject
Project("{9A19103F-16F7-4668-BE54-9A1E7A4F7556}") = "dev_magic.lambda.html", "..\magic.lambda.html\magic.lambda.html\dev_magic.lambda.html.csproj", "{925EA460-CEB6-428A-AB1E-877AC7C9FD7E}"
EndProject
Project("{9A19103F-16F7-4668-BE54-9A1E7A4F7556}") = "dev_magic.lambda.html.tests", "..\magic.lambda.html\magic.lambda.html.tests\dev_magic.lambda.html.tests.csproj", "{E517F8E0-36C6-4832-99F0-BBBE911C9F7C}"
EndProject
Project("{2150E333-8FDC-42A3-9474-1A3956D46DE8}") = "magic.lambda.http", "magic.lambda.http", "{9A3B6AF3-D0C7-4B68-A7C5-6AB5229D15FB}"
EndProject
Project("{9A19103F-16F7-4668-BE54-9A1E7A4F7556}") = "dev_magic.lambda.http", "..\magic.lambda.http\magic.lambda.http\dev_magic.lambda.http.csproj", "{2DE8E04F-1A10-4E8D-85A1-1541C1A8339D}"
EndProject
Project("{9A19103F-16F7-4668-BE54-9A1E7A4F7556}") = "dev_magic.lambda.http.tests", "..\magic.lambda.http\magic.lambda.http.tests\dev_magic.lambda.http.tests.csproj", "{7BB0F560-6C99-4D55-98E3-42F7B108D33B}"
EndProject
Project("{2150E333-8FDC-42A3-9474-1A3956D46DE8}") = "magic.lambda.hyperlambda", "magic.lambda.hyperlambda", "{C23B08FB-2572-4A57-97CE-99ECFAC0CB89}"
EndProject
Project("{9A19103F-16F7-4668-BE54-9A1E7A4F7556}") = "dev_magic.lambda.hyperlambda", "..\magic.lambda.hyperlambda\magic.lambda.hyperlambda\dev_magic.lambda.hyperlambda.csproj", "{CA1B09E1-AC58-48C9-BF05-1F002DEFB85E}"
EndProject
Project("{9A19103F-16F7-4668-BE54-9A1E7A4F7556}") = "dev_magic.lambda.hyperlambda.tests", "..\magic.lambda.hyperlambda\magic.lambda.hyperlambda.tests\dev_magic.lambda.hyperlambda.tests.csproj", "{F4038ED7-D637-4BE5-BA10-92AEECEF0026}"
EndProject
Project("{2150E333-8FDC-42A3-9474-1A3956D46DE8}") = "magic.lambda.image", "magic.lambda.image", "{ECF85F39-2A0C-4B59-9E48-BA7B07C50A19}"
EndProject
Project("{9A19103F-16F7-4668-BE54-9A1E7A4F7556}") = "dev_magic.lambda.image", "..\magic.lambda.image\magic.lambda.image\dev_magic.lambda.image.csproj", "{F365D547-E2ED-438F-8760-77171E816140}"
EndProject
Project("{9A19103F-16F7-4668-BE54-9A1E7A4F7556}") = "dev_magic.lambda.image.tests", "..\magic.lambda.image\magic.lambda.image.tests\dev_magic.lambda.image.tests.csproj", "{5725F792-5C0C-411A-9D62-53BE19581FA3}"
EndProject
Project("{2150E333-8FDC-42A3-9474-1A3956D46DE8}") = "magic.lambda.io", "magic.lambda.io", "{77C3BAD4-C4DA-4AC5-ACF7-44E2A6BE53BA}"
EndProject
Project("{9A19103F-16F7-4668-BE54-9A1E7A4F7556}") = "dev_magic.lambda.io", "..\magic.lambda.io\magic.lambda.io\dev_magic.lambda.io.csproj", "{335D185F-304B-4833-A79E-5F7F81A93357}"
EndProject
Project("{9A19103F-16F7-4668-BE54-9A1E7A4F7556}") = "dev_magic.lambda.io.tests", "..\magic.lambda.io\magic.lambda.io.tests\dev_magic.lambda.io.tests.csproj", "{48E9F054-9ADA-494D-92E3-A75216C61966}"
EndProject
Project("{2150E333-8FDC-42A3-9474-1A3956D46DE8}") = "magic.lambda.json", "magic.lambda.json", "{BBB43D5C-426D-43BF-A8B2-EFC5FD46A496}"
EndProject
Project("{9A19103F-16F7-4668-BE54-9A1E7A4F7556}") = "dev_magic.lambda.json", "..\magic.lambda.json\magic.lambda.json\dev_magic.lambda.json.csproj", "{492E2791-4720-45C4-A191-ABA35B026EE8}"
EndProject
Project("{9A19103F-16F7-4668-BE54-9A1E7A4F7556}") = "dev_magic.lambda.json.tests", "..\magic.lambda.json\magic.lambda.json.tests\dev_magic.lambda.json.tests.csproj", "{57B1B40A-5860-47C7-AE6D-4D7A1855C6C9}"
EndProject
Project("{2150E333-8FDC-42A3-9474-1A3956D46DE8}") = "magic.lambda.logging", "magic.lambda.logging", "{0CE4DFF5-D03F-43A9-8EDA-A16A86057644}"
EndProject
Project("{9A19103F-16F7-4668-BE54-9A1E7A4F7556}") = "dev_magic.lambda.logging", "..\magic.lambda.logging\magic.lambda.logging\dev_magic.lambda.logging.csproj", "{4AA5E639-A146-4BB0-B811-AB3A28DAC96C}"
EndProject
Project("{2150E333-8FDC-42A3-9474-1A3956D46DE8}") = "magic.lambda.mail", "magic.lambda.mail", "{1231B324-DBC3-437A-84E8-6D09F2033D77}"
EndProject
Project("{9A19103F-16F7-4668-BE54-9A1E7A4F7556}") = "dev_magic.lambda.mail", "..\magic.lambda.mail\magic.lambda.mail\dev_magic.lambda.mail.csproj", "{E8036012-C74B-40F5-90E4-BF7761BF4419}"
EndProject
Project("{9A19103F-16F7-4668-BE54-9A1E7A4F7556}") = "dev_magic.lambda.mail.tests", "..\magic.lambda.mail\magic.lambda.mail.tests\dev_magic.lambda.mail.tests.csproj", "{EE9DC230-4AB2-4033-9156-3B1D73FF781E}"
EndProject
Project("{2150E333-8FDC-42A3-9474-1A3956D46DE8}") = "magic.lambda.math", "magic.lambda.math", "{5015456E-BCEB-4885-8BB2-C63D8C0840B3}"
EndProject
Project("{9A19103F-16F7-4668-BE54-9A1E7A4F7556}") = "dev_magic.lambda.math", "..\magic.lambda.math\magic.lambda.math\dev_magic.lambda.math.csproj", "{E66A1A7E-37C5-4862-BF1A-55BB7778B630}"
EndProject
Project("{9A19103F-16F7-4668-BE54-9A1E7A4F7556}") = "dev_magic.lambda.math.tests", "..\magic.lambda.math\magic.lambda.math.tests\dev_magic.lambda.math.tests.csproj", "{9FFC177A-9D9D-4D61-9BD6-655DE06F1437}"
EndProject
Project("{2150E333-8FDC-42A3-9474-1A3956D46DE8}") = "magic.lambda.mime", "magic.lambda.mime", "{12B6A18D-A9D0-4C78-A1B8-71C325F8C1AE}"
EndProject
Project("{9A19103F-16F7-4668-BE54-9A1E7A4F7556}") = "dev_magic.lambda.mime", "..\magic.lambda.mime\magic.lambda.mime\dev_magic.lambda.mime.csproj", "{4C4588B7-43C1-400C-999D-BBFC3357234A}"
EndProject
Project("{9A19103F-16F7-4668-BE54-9A1E7A4F7556}") = "dev_magic.lambda.mime.tests", "..\magic.lambda.mime\magic.lambda.mime.tests\dev_magic.lambda.mime.tests.csproj", "{A5787F7C-6418-4D30-94A0-A2A17D94B0A9}"
EndProject
Project("{2150E333-8FDC-42A3-9474-1A3956D46DE8}") = "magic.lambda.mssql", "magic.lambda.mssql", "{A11A7BF5-1520-48DE-9E72-7886178E1677}"
EndProject
Project("{9A19103F-16F7-4668-BE54-9A1E7A4F7556}") = "dev_magic.lambda.mssql", "..\magic.lambda.mssql\magic.lambda.mssql\dev_magic.lambda.mssql.csproj", "{2E0DB8D6-D289-414E-825A-DBC5CADC4724}"
EndProject
Project("{9A19103F-16F7-4668-BE54-9A1E7A4F7556}") = "dev_magic.lambda.mssql.tests", "..\magic.lambda.mssql\magic.lambda.mssql.tests\dev_magic.lambda.mssql.tests.csproj", "{DD3CAD72-2159-49F5-B6DE-4F995855F5B5}"
EndProject
Project("{2150E333-8FDC-42A3-9474-1A3956D46DE8}") = "magic.lambda.mysql", "magic.lambda.mysql", "{234411B9-429E-41E9-853D-0432835E6EC4}"
EndProject
Project("{9A19103F-16F7-4668-BE54-9A1E7A4F7556}") = "dev_magic.lambda.mysql", "..\magic.lambda.mysql\magic.lambda.mysql\dev_magic.lambda.mysql.csproj", "{82671180-295E-44A4-8274-EF7EC2E75FA0}"
EndProject
Project("{9A19103F-16F7-4668-BE54-9A1E7A4F7556}") = "dev_magic.lambda.mysql.tests", "..\magic.lambda.mysql\magic.lambda.mysql.tests\dev_magic.lambda.mysql.tests.csproj", "{B6D04C42-9DE1-44A5-B3E2-B7871CE26AE9}"
EndProject
Project("{2150E333-8FDC-42A3-9474-1A3956D46DE8}") = "magic.lambda.odbc", "magic.lambda.odbc", "{FB3D2584-E87F-41CB-863A-78C9000DF489}"
EndProject
Project("{9A19103F-16F7-4668-BE54-9A1E7A4F7556}") = "dev_magic.lambda.odbc", "..\magic.lambda.odbc\magic.lambda.odbc\dev_magic.lambda.odbc.csproj", "{33EB2C51-A24C-4CE7-B2E6-395D2F3A891D}"
EndProject
Project("{2150E333-8FDC-42A3-9474-1A3956D46DE8}") = "magic.lambda.pgsql", "magic.lambda.pgsql", "{06C5A78A-572A-409D-B8AB-7084F3FA8768}"
EndProject
Project("{9A19103F-16F7-4668-BE54-9A1E7A4F7556}") = "dev_magic.lambda.pgsql", "..\magic.lambda.pgsql\magic.lambda.pgsql\dev_magic.lambda.pgsql.csproj", "{75571062-25DD-4951-B9DF-49B21C75B072}"
EndProject
Project("{9A19103F-16F7-4668-BE54-9A1E7A4F7556}") = "dev_magic.lambda.pgsql.tests", "..\magic.lambda.pgsql\magic.lambda.pgsql.tests\dev_magic.lambda.pgsql.tests.csproj", "{403B0E70-359B-47B0-A59B-31CB7AC9FABA}"
EndProject
Project("{2150E333-8FDC-42A3-9474-1A3956D46DE8}") = "magic.lambda.scheduler", "magic.lambda.scheduler", "{4F95DEFE-97A2-4F11-A49D-7F67022C9603}"
EndProject
Project("{9A19103F-16F7-4668-BE54-9A1E7A4F7556}") = "dev_magic.lambda.scheduler", "..\magic.lambda.scheduler\magic.lambda.scheduler\dev_magic.lambda.scheduler.csproj", "{16F4B6CD-038E-40D2-8BC0-173F401DE0A1}"
EndProject
Project("{9A19103F-16F7-4668-BE54-9A1E7A4F7556}") = "dev_magic.lambda.scheduler.tests", "..\magic.lambda.scheduler\magic.lambda.scheduler.tests\dev_magic.lambda.scheduler.tests.csproj", "{C7FE315F-52BF-4104-9651-7D31C27552E8}"
EndProject
Project("{2150E333-8FDC-42A3-9474-1A3956D46DE8}") = "magic.lambda.slots", "magic.lambda.slots", "{7CED9F60-D5DE-4671-B957-B49F8F88945B}"
EndProject
Project("{9A19103F-16F7-4668-BE54-9A1E7A4F7556}") = "dev_magic.lambda.slots", "..\magic.lambda.slots\magic.lambda.slots\dev_magic.lambda.slots.csproj", "{452F06C2-17E3-40BD-96A8-65A2C00154CE}"
EndProject
Project("{9A19103F-16F7-4668-BE54-9A1E7A4F7556}") = "dev_magic.lambda.slots.tests", "..\magic.lambda.slots\magic.lambda.slots.tests\dev_magic.lambda.slots.tests.csproj", "{364AB9F0-63E5-46C8-8828-2E0D971A09A1}"
EndProject
Project("{2150E333-8FDC-42A3-9474-1A3956D46DE8}") = "magic.lambda.sockets", "magic.lambda.sockets", "{7CD92715-C5AE-4BB2-8E72-93906247C1E2}"
EndProject
Project("{9A19103F-16F7-4668-BE54-9A1E7A4F7556}") = "dev_magic.lambda.sockets", "..\magic.lambda.sockets\magic.lambda.sockets\dev_magic.lambda.sockets.csproj", "{E2C81445-1574-4F93-86F2-22A3FB055BDA}"
EndProject
Project("{2150E333-8FDC-42A3-9474-1A3956D46DE8}") = "magic.lambda.strings", "magic.lambda.strings", "{087084E6-0C02-4C02-AFC3-FE63F39831B1}"
EndProject
Project("{9A19103F-16F7-4668-BE54-9A1E7A4F7556}") = "dev_magic.lambda.strings", "..\magic.lambda.strings\magic.lambda.strings\dev_magic.lambda.strings.csproj", "{F1CAA58C-4A62-45F3-B97F-1A295B06CB29}"
EndProject
Project("{9A19103F-16F7-4668-BE54-9A1E7A4F7556}") = "dev_magic.lambda.strings.tests", "..\magic.lambda.strings\magic.lambda.strings.tests\dev_magic.lambda.strings.tests.csproj", "{5499E047-0C17-4DBF-B2CB-DC2B1163AAC4}"
EndProject
Project("{2150E333-8FDC-42A3-9474-1A3956D46DE8}") = "magic.lambda.system", "magic.lambda.system", "{390C453F-B9C1-4B46-83AD-8A379E28A57D}"
EndProject
Project("{9A19103F-16F7-4668-BE54-9A1E7A4F7556}") = "dev_magic.lambda.system", "..\magic.lambda.system\magic.lambda.system\dev_magic.lambda.system.csproj", "{58266AA1-E5E6-46F7-85D8-86BF9F4DF4FA}"
EndProject
Project("{2150E333-8FDC-42A3-9474-1A3956D46DE8}") = "magic.lambda.threading", "magic.lambda.threading", "{3C37F37D-871B-48C3-B6B0-3958D8969D83}"
EndProject
Project("{9A19103F-16F7-4668-BE54-9A1E7A4F7556}") = "dev_magic.lambda.threading", "..\magic.lambda.threading\magic.lambda.threading\dev_magic.lambda.threading.csproj", "{2B02B298-F2A6-4958-87BA-B8EEF4026B62}"
EndProject
Project("{9A19103F-16F7-4668-BE54-9A1E7A4F7556}") = "dev_magic.lambda.threading.tests", "..\magic.lambda.threading\magic.lambda.threading.tests\dev_magic.lambda.threading.tests.csproj", "{69355881-784C-4C18-8F35-06571BBE3BED}"
EndProject
Project("{2150E333-8FDC-42A3-9474-1A3956D46DE8}") = "magic.lambda.validators", "magic.lambda.validators", "{527BD917-D8D2-4F1C-811E-55A61556638E}"
EndProject
Project("{9A19103F-16F7-4668-BE54-9A1E7A4F7556}") = "dev_magic.lambda.validators", "..\magic.lambda.validators\magic.lambda.validators\dev_magic.lambda.validators.csproj", "{0EF66785-CD49-409E-ABE8-EF5A45EBA96B}"
EndProject
Project("{9A19103F-16F7-4668-BE54-9A1E7A4F7556}") = "dev_magic.lambda.validators.tests", "..\magic.lambda.validators\magic.lambda.validators.tests\dev_magic.lambda.validators.tests.csproj", "{DB2E5645-45B0-4E30-8706-414897203533}"
EndProject
Project("{2150E333-8FDC-42A3-9474-1A3956D46DE8}") = "magic.library", "magic.library", "{C60A9850-1B4C-4106-8CA5-3A28331C6ADD}"
EndProject
Project("{9A19103F-16F7-4668-BE54-9A1E7A4F7556}") = "dev_magic.library", "..\magic.library\magic.library\dev_magic.library.csproj", "{F9C490FC-9012-4DA8-8C88-8F142ADBC7E9}"
EndProject
Project("{2150E333-8FDC-42A3-9474-1A3956D46DE8}") = "magic.node", "magic.node", "{710E6AB4-7D43-4537-871E-8F860A19CB0D}"
EndProject
Project("{9A19103F-16F7-4668-BE54-9A1E7A4F7556}") = "dev_magic.node", "..\magic.node\magic.node\dev_magic.node.csproj", "{2BBA4996-ADFA-4180-922F-2A2677DBC86E}"
EndProject
Project("{9A19103F-16F7-4668-BE54-9A1E7A4F7556}") = "dev_magic.node.extensions", "..\magic.node\magic.node.extensions\dev_magic.node.extensions.csproj", "{31D591EE-7294-440D-A284-58172EECFE49}"
EndProject
Project("{9A19103F-16F7-4668-BE54-9A1E7A4F7556}") = "dev_magic.node.tests", "..\magic.node\magic.node.tests\dev_magic.node.tests.csproj", "{D75EB682-91A8-4A3B-8388-E1C1B3CC46BD}"
EndProject
Project("{2150E333-8FDC-42A3-9474-1A3956D46DE8}") = "magic.signals", "magic.signals", "{1F1989F5-38DB-437D-B093-0BB03A79ABFC}"
EndProject
Project("{9A19103F-16F7-4668-BE54-9A1E7A4F7556}") = "dev_magic.signals.contracts", "..\magic.signals\magic.signals.contracts\dev_magic.signals.contracts.csproj", "{611219B0-6FFE-4AEF-B800-5C00BD282942}"
EndProject
Project("{9A19103F-16F7-4668-BE54-9A1E7A4F7556}") = "dev_magic.signals.services", "..\magic.signals\magic.signals.services\dev_magic.signals.services.csproj", "{C32ECA56-F937-4996-8AE3-6121CE76C9D2}"
EndProject
Project("{9A19103F-16F7-4668-BE54-9A1E7A4F7556}") = "dev_magic.signals.tests", "..\magic.signals\magic.signals.tests\dev_magic.signals.tests.csproj", "{F17A8431-22FB-4FAD-A567-8079743FC6E3}"
EndProject
Global
	GlobalSection(SolutionConfigurationPlatforms) = preSolution
		Debug|Any CPU = Debug|Any CPU
		Release|Any CPU = Release|Any CPU
	EndGlobalSection
	GlobalSection(ProjectConfigurationPlatforms) = postSolution
		{5D14114A-5B1E-40DC-87E6-238CB5BBFFFB}.Debug|Any CPU.ActiveCfg = Debug|Any CPU
		{5D14114A-5B1E-40DC-87E6-238CB5BBFFFB}.Debug|Any CPU.Build.0 = Debug|Any CPU
		{5D14114A-5B1E-40DC-87E6-238CB5BBFFFB}.Release|Any CPU.ActiveCfg = Release|Any CPU
		{5D14114A-5B1E-40DC-87E6-238CB5BBFFFB}.Release|Any CPU.Build.0 = Release|Any CPU
		{3DF21BFD-66A2-465A-B4A7-8A4F2F112C29}.Debug|Any CPU.ActiveCfg = Debug|Any CPU
		{3DF21BFD-66A2-465A-B4A7-8A4F2F112C29}.Debug|Any CPU.Build.0 = Debug|Any CPU
		{3DF21BFD-66A2-465A-B4A7-8A4F2F112C29}.Release|Any CPU.ActiveCfg = Release|Any CPU
		{3DF21BFD-66A2-465A-B4A7-8A4F2F112C29}.Release|Any CPU.Build.0 = Release|Any CPU
		{9288C964-2B42-44B8-94CC-84CC8803B717}.Debug|Any CPU.ActiveCfg = Debug|Any CPU
		{9288C964-2B42-44B8-94CC-84CC8803B717}.Debug|Any CPU.Build.0 = Debug|Any CPU
		{9288C964-2B42-44B8-94CC-84CC8803B717}.Release|Any CPU.ActiveCfg = Release|Any CPU
		{9288C964-2B42-44B8-94CC-84CC8803B717}.Release|Any CPU.Build.0 = Release|Any CPU
		{2C3B627D-25F6-4D07-BE91-0E86AB293D91}.Debug|Any CPU.ActiveCfg = Debug|Any CPU
		{2C3B627D-25F6-4D07-BE91-0E86AB293D91}.Debug|Any CPU.Build.0 = Debug|Any CPU
		{2C3B627D-25F6-4D07-BE91-0E86AB293D91}.Release|Any CPU.ActiveCfg = Release|Any CPU
		{2C3B627D-25F6-4D07-BE91-0E86AB293D91}.Release|Any CPU.Build.0 = Release|Any CPU
		{A2001912-6F2F-4D05-BD94-ACA04FEA7D25}.Debug|Any CPU.ActiveCfg = Debug|Any CPU
		{A2001912-6F2F-4D05-BD94-ACA04FEA7D25}.Debug|Any CPU.Build.0 = Debug|Any CPU
		{A2001912-6F2F-4D05-BD94-ACA04FEA7D25}.Release|Any CPU.ActiveCfg = Release|Any CPU
		{A2001912-6F2F-4D05-BD94-ACA04FEA7D25}.Release|Any CPU.Build.0 = Release|Any CPU
		{D6AA9408-10E9-4DB5-8ACB-AEA9F7E7D662}.Debug|Any CPU.ActiveCfg = Debug|Any CPU
		{D6AA9408-10E9-4DB5-8ACB-AEA9F7E7D662}.Debug|Any CPU.Build.0 = Debug|Any CPU
		{D6AA9408-10E9-4DB5-8ACB-AEA9F7E7D662}.Release|Any CPU.ActiveCfg = Release|Any CPU
		{D6AA9408-10E9-4DB5-8ACB-AEA9F7E7D662}.Release|Any CPU.Build.0 = Release|Any CPU
		{96C775F3-94FE-4250-8741-8BE162409C72}.Debug|Any CPU.ActiveCfg = Debug|Any CPU
		{96C775F3-94FE-4250-8741-8BE162409C72}.Debug|Any CPU.Build.0 = Debug|Any CPU
		{96C775F3-94FE-4250-8741-8BE162409C72}.Release|Any CPU.ActiveCfg = Release|Any CPU
		{96C775F3-94FE-4250-8741-8BE162409C72}.Release|Any CPU.Build.0 = Release|Any CPU
		{B7C31E01-9660-498E-9B04-DCD01B24AAD6}.Debug|Any CPU.ActiveCfg = Debug|Any CPU
		{B7C31E01-9660-498E-9B04-DCD01B24AAD6}.Debug|Any CPU.Build.0 = Debug|Any CPU
		{B7C31E01-9660-498E-9B04-DCD01B24AAD6}.Release|Any CPU.ActiveCfg = Release|Any CPU
		{B7C31E01-9660-498E-9B04-DCD01B24AAD6}.Release|Any CPU.Build.0 = Release|Any CPU
		{5AB9127B-ED35-46FE-9D94-FF1839C98BF5}.Debug|Any CPU.ActiveCfg = Debug|Any CPU
		{5AB9127B-ED35-46FE-9D94-FF1839C98BF5}.Debug|Any CPU.Build.0 = Debug|Any CPU
		{5AB9127B-ED35-46FE-9D94-FF1839C98BF5}.Release|Any CPU.ActiveCfg = Release|Any CPU
		{5AB9127B-ED35-46FE-9D94-FF1839C98BF5}.Release|Any CPU.Build.0 = Release|Any CPU
		{F6B97973-1161-4F73-81F0-59929FDF6019}.Debug|Any CPU.ActiveCfg = Debug|Any CPU
		{F6B97973-1161-4F73-81F0-59929FDF6019}.Debug|Any CPU.Build.0 = Debug|Any CPU
		{F6B97973-1161-4F73-81F0-59929FDF6019}.Release|Any CPU.ActiveCfg = Release|Any CPU
		{F6B97973-1161-4F73-81F0-59929FDF6019}.Release|Any CPU.Build.0 = Release|Any CPU
		{F980EF8F-7212-4C14-87A5-DC75FC6267B8}.Debug|Any CPU.ActiveCfg = Debug|Any CPU
		{F980EF8F-7212-4C14-87A5-DC75FC6267B8}.Debug|Any CPU.Build.0 = Debug|Any CPU
		{F980EF8F-7212-4C14-87A5-DC75FC6267B8}.Release|Any CPU.ActiveCfg = Release|Any CPU
		{F980EF8F-7212-4C14-87A5-DC75FC6267B8}.Release|Any CPU.Build.0 = Release|Any CPU
		{053F7B4E-2EC1-42BF-8424-7170B4A1B0A6}.Debug|Any CPU.ActiveCfg = Debug|Any CPU
		{053F7B4E-2EC1-42BF-8424-7170B4A1B0A6}.Debug|Any CPU.Build.0 = Debug|Any CPU
		{053F7B4E-2EC1-42BF-8424-7170B4A1B0A6}.Release|Any CPU.ActiveCfg = Release|Any CPU
		{053F7B4E-2EC1-42BF-8424-7170B4A1B0A6}.Release|Any CPU.Build.0 = Release|Any CPU
		{0D059D4C-D159-4E8A-BEA7-770F25E6887F}.Debug|Any CPU.ActiveCfg = Debug|Any CPU
		{0D059D4C-D159-4E8A-BEA7-770F25E6887F}.Debug|Any CPU.Build.0 = Debug|Any CPU
		{0D059D4C-D159-4E8A-BEA7-770F25E6887F}.Release|Any CPU.ActiveCfg = Release|Any CPU
		{0D059D4C-D159-4E8A-BEA7-770F25E6887F}.Release|Any CPU.Build.0 = Release|Any CPU
		{65B9E2FB-5A53-46D7-8802-F1A13004AA6C}.Debug|Any CPU.ActiveCfg = Debug|Any CPU
		{65B9E2FB-5A53-46D7-8802-F1A13004AA6C}.Debug|Any CPU.Build.0 = Debug|Any CPU
		{65B9E2FB-5A53-46D7-8802-F1A13004AA6C}.Release|Any CPU.ActiveCfg = Release|Any CPU
		{65B9E2FB-5A53-46D7-8802-F1A13004AA6C}.Release|Any CPU.Build.0 = Release|Any CPU
		{E9B63D5F-8739-4ADD-88B3-ED88167ECD9E}.Debug|Any CPU.ActiveCfg = Debug|Any CPU
		{E9B63D5F-8739-4ADD-88B3-ED88167ECD9E}.Debug|Any CPU.Build.0 = Debug|Any CPU
		{E9B63D5F-8739-4ADD-88B3-ED88167ECD9E}.Release|Any CPU.ActiveCfg = Release|Any CPU
		{E9B63D5F-8739-4ADD-88B3-ED88167ECD9E}.Release|Any CPU.Build.0 = Release|Any CPU
		{E4029EA4-9B0F-4F97-A34D-B91CECAD5297}.Debug|Any CPU.ActiveCfg = Debug|Any CPU
		{E4029EA4-9B0F-4F97-A34D-B91CECAD5297}.Debug|Any CPU.Build.0 = Debug|Any CPU
		{E4029EA4-9B0F-4F97-A34D-B91CECAD5297}.Release|Any CPU.ActiveCfg = Release|Any CPU
		{E4029EA4-9B0F-4F97-A34D-B91CECAD5297}.Release|Any CPU.Build.0 = Release|Any CPU
		{1F9C20C9-BEB3-4CAA-ADFD-01DB95489C94}.Debug|Any CPU.ActiveCfg = Debug|Any CPU
		{1F9C20C9-BEB3-4CAA-ADFD-01DB95489C94}.Debug|Any CPU.Build.0 = Debug|Any CPU
		{1F9C20C9-BEB3-4CAA-ADFD-01DB95489C94}.Release|Any CPU.ActiveCfg = Release|Any CPU
		{1F9C20C9-BEB3-4CAA-ADFD-01DB95489C94}.Release|Any CPU.Build.0 = Release|Any CPU
		{45F0EB35-DF85-42F5-BF20-2A44496D34B8}.Debug|Any CPU.ActiveCfg = Debug|Any CPU
		{45F0EB35-DF85-42F5-BF20-2A44496D34B8}.Debug|Any CPU.Build.0 = Debug|Any CPU
		{45F0EB35-DF85-42F5-BF20-2A44496D34B8}.Release|Any CPU.ActiveCfg = Release|Any CPU
		{45F0EB35-DF85-42F5-BF20-2A44496D34B8}.Release|Any CPU.Build.0 = Release|Any CPU
		{444DCE87-E550-4009-B272-C0986A8586E6}.Debug|Any CPU.ActiveCfg = Debug|Any CPU
		{444DCE87-E550-4009-B272-C0986A8586E6}.Debug|Any CPU.Build.0 = Debug|Any CPU
		{444DCE87-E550-4009-B272-C0986A8586E6}.Release|Any CPU.ActiveCfg = Release|Any CPU
		{444DCE87-E550-4009-B272-C0986A8586E6}.Release|Any CPU.Build.0 = Release|Any CPU
		{FF01766B-5AE5-4807-9CF3-C37E4C991F09}.Debug|Any CPU.ActiveCfg = Debug|Any CPU
		{FF01766B-5AE5-4807-9CF3-C37E4C991F09}.Debug|Any CPU.Build.0 = Debug|Any CPU
		{FF01766B-5AE5-4807-9CF3-C37E4C991F09}.Release|Any CPU.ActiveCfg = Release|Any CPU
		{FF01766B-5AE5-4807-9CF3-C37E4C991F09}.Release|Any CPU.Build.0 = Release|Any CPU
		{6168A293-F944-460C-9BE2-8CE1CE80CF88}.Debug|Any CPU.ActiveCfg = Debug|Any CPU
		{6168A293-F944-460C-9BE2-8CE1CE80CF88}.Debug|Any CPU.Build.0 = Debug|Any CPU
		{6168A293-F944-460C-9BE2-8CE1CE80CF88}.Release|Any CPU.ActiveCfg = Release|Any CPU
		{6168A293-F944-460C-9BE2-8CE1CE80CF88}.Release|Any CPU.Build.0 = Release|Any CPU
		{B0B3EB4B-06E2-4E98-8F4B-565372A53211}.Debug|Any CPU.ActiveCfg = Debug|Any CPU
		{B0B3EB4B-06E2-4E98-8F4B-565372A53211}.Debug|Any CPU.Build.0 = Debug|Any CPU
		{B0B3EB4B-06E2-4E98-8F4B-565372A53211}.Release|Any CPU.ActiveCfg = Release|Any CPU
		{B0B3EB4B-06E2-4E98-8F4B-565372A53211}.Release|Any CPU.Build.0 = Release|Any CPU
		{68127111-BA1D-46D9-B161-CC6DAB866929}.Debug|Any CPU.ActiveCfg = Debug|Any CPU
		{68127111-BA1D-46D9-B161-CC6DAB866929}.Debug|Any CPU.Build.0 = Debug|Any CPU
		{68127111-BA1D-46D9-B161-CC6DAB866929}.Release|Any CPU.ActiveCfg = Release|Any CPU
		{68127111-BA1D-46D9-B161-CC6DAB866929}.Release|Any CPU.Build.0 = Release|Any CPU
		{CF85FC47-9C54-40CA-888E-78F6119A4FAD}.Debug|Any CPU.ActiveCfg = Debug|Any CPU
		{CF85FC47-9C54-40CA-888E-78F6119A4FAD}.Debug|Any CPU.Build.0 = Debug|Any CPU
		{CF85FC47-9C54-40CA-888E-78F6119A4FAD}.Release|Any CPU.ActiveCfg = Release|Any CPU
		{CF85FC47-9C54-40CA-888E-78F6119A4FAD}.Release|Any CPU.Build.0 = Release|Any CPU
		{9743752A-7060-41C3-AFA8-00B601280903}.Debug|Any CPU.ActiveCfg = Debug|Any CPU
		{9743752A-7060-41C3-AFA8-00B601280903}.Debug|Any CPU.Build.0 = Debug|Any CPU
		{9743752A-7060-41C3-AFA8-00B601280903}.Release|Any CPU.ActiveCfg = Release|Any CPU
		{9743752A-7060-41C3-AFA8-00B601280903}.Release|Any CPU.Build.0 = Release|Any CPU
		{476B71BF-522C-4446-A618-F897B3EE7C8C}.Debug|Any CPU.ActiveCfg = Debug|Any CPU
		{476B71BF-522C-4446-A618-F897B3EE7C8C}.Debug|Any CPU.Build.0 = Debug|Any CPU
		{476B71BF-522C-4446-A618-F897B3EE7C8C}.Release|Any CPU.ActiveCfg = Release|Any CPU
		{476B71BF-522C-4446-A618-F897B3EE7C8C}.Release|Any CPU.Build.0 = Release|Any CPU
		{DB9F5C90-F090-44F4-84DD-8E6A73F23E6D}.Debug|Any CPU.ActiveCfg = Debug|Any CPU
		{DB9F5C90-F090-44F4-84DD-8E6A73F23E6D}.Debug|Any CPU.Build.0 = Debug|Any CPU
		{DB9F5C90-F090-44F4-84DD-8E6A73F23E6D}.Release|Any CPU.ActiveCfg = Release|Any CPU
		{DB9F5C90-F090-44F4-84DD-8E6A73F23E6D}.Release|Any CPU.Build.0 = Release|Any CPU
		{3199708E-F1FA-4FB7-80FA-00599F9123B9}.Debug|Any CPU.ActiveCfg = Debug|Any CPU
		{3199708E-F1FA-4FB7-80FA-00599F9123B9}.Debug|Any CPU.Build.0 = Debug|Any CPU
		{3199708E-F1FA-4FB7-80FA-00599F9123B9}.Release|Any CPU.ActiveCfg = Release|Any CPU
		{3199708E-F1FA-4FB7-80FA-00599F9123B9}.Release|Any CPU.Build.0 = Release|Any CPU
		{925EA460-CEB6-428A-AB1E-877AC7C9FD7E}.Debug|Any CPU.ActiveCfg = Debug|Any CPU
		{925EA460-CEB6-428A-AB1E-877AC7C9FD7E}.Debug|Any CPU.Build.0 = Debug|Any CPU
		{925EA460-CEB6-428A-AB1E-877AC7C9FD7E}.Release|Any CPU.ActiveCfg = Release|Any CPU
		{925EA460-CEB6-428A-AB1E-877AC7C9FD7E}.Release|Any CPU.Build.0 = Release|Any CPU
		{E517F8E0-36C6-4832-99F0-BBBE911C9F7C}.Debug|Any CPU.ActiveCfg = Debug|Any CPU
		{E517F8E0-36C6-4832-99F0-BBBE911C9F7C}.Debug|Any CPU.Build.0 = Debug|Any CPU
		{E517F8E0-36C6-4832-99F0-BBBE911C9F7C}.Release|Any CPU.ActiveCfg = Release|Any CPU
		{E517F8E0-36C6-4832-99F0-BBBE911C9F7C}.Release|Any CPU.Build.0 = Release|Any CPU
		{2DE8E04F-1A10-4E8D-85A1-1541C1A8339D}.Debug|Any CPU.ActiveCfg = Debug|Any CPU
		{2DE8E04F-1A10-4E8D-85A1-1541C1A8339D}.Debug|Any CPU.Build.0 = Debug|Any CPU
		{2DE8E04F-1A10-4E8D-85A1-1541C1A8339D}.Release|Any CPU.ActiveCfg = Release|Any CPU
		{2DE8E04F-1A10-4E8D-85A1-1541C1A8339D}.Release|Any CPU.Build.0 = Release|Any CPU
		{7BB0F560-6C99-4D55-98E3-42F7B108D33B}.Debug|Any CPU.ActiveCfg = Debug|Any CPU
		{7BB0F560-6C99-4D55-98E3-42F7B108D33B}.Debug|Any CPU.Build.0 = Debug|Any CPU
		{7BB0F560-6C99-4D55-98E3-42F7B108D33B}.Release|Any CPU.ActiveCfg = Release|Any CPU
		{7BB0F560-6C99-4D55-98E3-42F7B108D33B}.Release|Any CPU.Build.0 = Release|Any CPU
		{CA1B09E1-AC58-48C9-BF05-1F002DEFB85E}.Debug|Any CPU.ActiveCfg = Debug|Any CPU
		{CA1B09E1-AC58-48C9-BF05-1F002DEFB85E}.Debug|Any CPU.Build.0 = Debug|Any CPU
		{CA1B09E1-AC58-48C9-BF05-1F002DEFB85E}.Release|Any CPU.ActiveCfg = Release|Any CPU
		{CA1B09E1-AC58-48C9-BF05-1F002DEFB85E}.Release|Any CPU.Build.0 = Release|Any CPU
		{F4038ED7-D637-4BE5-BA10-92AEECEF0026}.Debug|Any CPU.ActiveCfg = Debug|Any CPU
		{F4038ED7-D637-4BE5-BA10-92AEECEF0026}.Debug|Any CPU.Build.0 = Debug|Any CPU
		{F4038ED7-D637-4BE5-BA10-92AEECEF0026}.Release|Any CPU.ActiveCfg = Release|Any CPU
		{F4038ED7-D637-4BE5-BA10-92AEECEF0026}.Release|Any CPU.Build.0 = Release|Any CPU
		{F365D547-E2ED-438F-8760-77171E816140}.Debug|Any CPU.ActiveCfg = Debug|Any CPU
		{F365D547-E2ED-438F-8760-77171E816140}.Debug|Any CPU.Build.0 = Debug|Any CPU
		{F365D547-E2ED-438F-8760-77171E816140}.Release|Any CPU.ActiveCfg = Release|Any CPU
		{F365D547-E2ED-438F-8760-77171E816140}.Release|Any CPU.Build.0 = Release|Any CPU
		{5725F792-5C0C-411A-9D62-53BE19581FA3}.Debug|Any CPU.ActiveCfg = Debug|Any CPU
		{5725F792-5C0C-411A-9D62-53BE19581FA3}.Debug|Any CPU.Build.0 = Debug|Any CPU
		{5725F792-5C0C-411A-9D62-53BE19581FA3}.Release|Any CPU.ActiveCfg = Release|Any CPU
		{5725F792-5C0C-411A-9D62-53BE19581FA3}.Release|Any CPU.Build.0 = Release|Any CPU
		{335D185F-304B-4833-A79E-5F7F81A93357}.Debug|Any CPU.ActiveCfg = Debug|Any CPU
		{335D185F-304B-4833-A79E-5F7F81A93357}.Debug|Any CPU.Build.0 = Debug|Any CPU
		{335D185F-304B-4833-A79E-5F7F81A93357}.Release|Any CPU.ActiveCfg = Release|Any CPU
		{335D185F-304B-4833-A79E-5F7F81A93357}.Release|Any CPU.Build.0 = Release|Any CPU
		{48E9F054-9ADA-494D-92E3-A75216C61966}.Debug|Any CPU.ActiveCfg = Debug|Any CPU
		{48E9F054-9ADA-494D-92E3-A75216C61966}.Debug|Any CPU.Build.0 = Debug|Any CPU
		{48E9F054-9ADA-494D-92E3-A75216C61966}.Release|Any CPU.ActiveCfg = Release|Any CPU
		{48E9F054-9ADA-494D-92E3-A75216C61966}.Release|Any CPU.Build.0 = Release|Any CPU
		{492E2791-4720-45C4-A191-ABA35B026EE8}.Debug|Any CPU.ActiveCfg = Debug|Any CPU
		{492E2791-4720-45C4-A191-ABA35B026EE8}.Debug|Any CPU.Build.0 = Debug|Any CPU
		{492E2791-4720-45C4-A191-ABA35B026EE8}.Release|Any CPU.ActiveCfg = Release|Any CPU
		{492E2791-4720-45C4-A191-ABA35B026EE8}.Release|Any CPU.Build.0 = Release|Any CPU
		{57B1B40A-5860-47C7-AE6D-4D7A1855C6C9}.Debug|Any CPU.ActiveCfg = Debug|Any CPU
		{57B1B40A-5860-47C7-AE6D-4D7A1855C6C9}.Debug|Any CPU.Build.0 = Debug|Any CPU
		{57B1B40A-5860-47C7-AE6D-4D7A1855C6C9}.Release|Any CPU.ActiveCfg = Release|Any CPU
		{57B1B40A-5860-47C7-AE6D-4D7A1855C6C9}.Release|Any CPU.Build.0 = Release|Any CPU
		{4AA5E639-A146-4BB0-B811-AB3A28DAC96C}.Debug|Any CPU.ActiveCfg = Debug|Any CPU
		{4AA5E639-A146-4BB0-B811-AB3A28DAC96C}.Debug|Any CPU.Build.0 = Debug|Any CPU
		{4AA5E639-A146-4BB0-B811-AB3A28DAC96C}.Release|Any CPU.ActiveCfg = Release|Any CPU
		{4AA5E639-A146-4BB0-B811-AB3A28DAC96C}.Release|Any CPU.Build.0 = Release|Any CPU
		{E8036012-C74B-40F5-90E4-BF7761BF4419}.Debug|Any CPU.ActiveCfg = Debug|Any CPU
		{E8036012-C74B-40F5-90E4-BF7761BF4419}.Debug|Any CPU.Build.0 = Debug|Any CPU
		{E8036012-C74B-40F5-90E4-BF7761BF4419}.Release|Any CPU.ActiveCfg = Release|Any CPU
		{E8036012-C74B-40F5-90E4-BF7761BF4419}.Release|Any CPU.Build.0 = Release|Any CPU
		{EE9DC230-4AB2-4033-9156-3B1D73FF781E}.Debug|Any CPU.ActiveCfg = Debug|Any CPU
		{EE9DC230-4AB2-4033-9156-3B1D73FF781E}.Debug|Any CPU.Build.0 = Debug|Any CPU
		{EE9DC230-4AB2-4033-9156-3B1D73FF781E}.Release|Any CPU.ActiveCfg = Release|Any CPU
		{EE9DC230-4AB2-4033-9156-3B1D73FF781E}.Release|Any CPU.Build.0 = Release|Any CPU
		{E66A1A7E-37C5-4862-BF1A-55BB7778B630}.Debug|Any CPU.ActiveCfg = Debug|Any CPU
		{E66A1A7E-37C5-4862-BF1A-55BB7778B630}.Debug|Any CPU.Build.0 = Debug|Any CPU
		{E66A1A7E-37C5-4862-BF1A-55BB7778B630}.Release|Any CPU.ActiveCfg = Release|Any CPU
		{E66A1A7E-37C5-4862-BF1A-55BB7778B630}.Release|Any CPU.Build.0 = Release|Any CPU
		{9FFC177A-9D9D-4D61-9BD6-655DE06F1437}.Debug|Any CPU.ActiveCfg = Debug|Any CPU
		{9FFC177A-9D9D-4D61-9BD6-655DE06F1437}.Debug|Any CPU.Build.0 = Debug|Any CPU
		{9FFC177A-9D9D-4D61-9BD6-655DE06F1437}.Release|Any CPU.ActiveCfg = Release|Any CPU
		{9FFC177A-9D9D-4D61-9BD6-655DE06F1437}.Release|Any CPU.Build.0 = Release|Any CPU
		{4C4588B7-43C1-400C-999D-BBFC3357234A}.Debug|Any CPU.ActiveCfg = Debug|Any CPU
		{4C4588B7-43C1-400C-999D-BBFC3357234A}.Debug|Any CPU.Build.0 = Debug|Any CPU
		{4C4588B7-43C1-400C-999D-BBFC3357234A}.Release|Any CPU.ActiveCfg = Release|Any CPU
		{4C4588B7-43C1-400C-999D-BBFC3357234A}.Release|Any CPU.Build.0 = Release|Any CPU
		{A5787F7C-6418-4D30-94A0-A2A17D94B0A9}.Debug|Any CPU.ActiveCfg = Debug|Any CPU
		{A5787F7C-6418-4D30-94A0-A2A17D94B0A9}.Debug|Any CPU.Build.0 = Debug|Any CPU
		{A5787F7C-6418-4D30-94A0-A2A17D94B0A9}.Release|Any CPU.ActiveCfg = Release|Any CPU
		{A5787F7C-6418-4D30-94A0-A2A17D94B0A9}.Release|Any CPU.Build.0 = Release|Any CPU
		{2E0DB8D6-D289-414E-825A-DBC5CADC4724}.Debug|Any CPU.ActiveCfg = Debug|Any CPU
		{2E0DB8D6-D289-414E-825A-DBC5CADC4724}.Debug|Any CPU.Build.0 = Debug|Any CPU
		{2E0DB8D6-D289-414E-825A-DBC5CADC4724}.Release|Any CPU.ActiveCfg = Release|Any CPU
		{2E0DB8D6-D289-414E-825A-DBC5CADC4724}.Release|Any CPU.Build.0 = Release|Any CPU
		{DD3CAD72-2159-49F5-B6DE-4F995855F5B5}.Debug|Any CPU.ActiveCfg = Debug|Any CPU
		{DD3CAD72-2159-49F5-B6DE-4F995855F5B5}.Debug|Any CPU.Build.0 = Debug|Any CPU
		{DD3CAD72-2159-49F5-B6DE-4F995855F5B5}.Release|Any CPU.ActiveCfg = Release|Any CPU
		{DD3CAD72-2159-49F5-B6DE-4F995855F5B5}.Release|Any CPU.Build.0 = Release|Any CPU
		{82671180-295E-44A4-8274-EF7EC2E75FA0}.Debug|Any CPU.ActiveCfg = Debug|Any CPU
		{82671180-295E-44A4-8274-EF7EC2E75FA0}.Debug|Any CPU.Build.0 = Debug|Any CPU
		{82671180-295E-44A4-8274-EF7EC2E75FA0}.Release|Any CPU.ActiveCfg = Release|Any CPU
		{82671180-295E-44A4-8274-EF7EC2E75FA0}.Release|Any CPU.Build.0 = Release|Any CPU
		{B6D04C42-9DE1-44A5-B3E2-B7871CE26AE9}.Debug|Any CPU.ActiveCfg = Debug|Any CPU
		{B6D04C42-9DE1-44A5-B3E2-B7871CE26AE9}.Debug|Any CPU.Build.0 = Debug|Any CPU
		{B6D04C42-9DE1-44A5-B3E2-B7871CE26AE9}.Release|Any CPU.ActiveCfg = Release|Any CPU
		{B6D04C42-9DE1-44A5-B3E2-B7871CE26AE9}.Release|Any CPU.Build.0 = Release|Any CPU
		{33EB2C51-A24C-4CE7-B2E6-395D2F3A891D}.Debug|Any CPU.ActiveCfg = Debug|Any CPU
		{33EB2C51-A24C-4CE7-B2E6-395D2F3A891D}.Debug|Any CPU.Build.0 = Debug|Any CPU
		{33EB2C51-A24C-4CE7-B2E6-395D2F3A891D}.Release|Any CPU.ActiveCfg = Release|Any CPU
		{33EB2C51-A24C-4CE7-B2E6-395D2F3A891D}.Release|Any CPU.Build.0 = Release|Any CPU
		{75571062-25DD-4951-B9DF-49B21C75B072}.Debug|Any CPU.ActiveCfg = Debug|Any CPU
		{75571062-25DD-4951-B9DF-49B21C75B072}.Debug|Any CPU.Build.0 = Debug|Any CPU
		{75571062-25DD-4951-B9DF-49B21C75B072}.Release|Any CPU.ActiveCfg = Release|Any CPU
		{75571062-25DD-4951-B9DF-49B21C75B072}.Release|Any CPU.Build.0 = Release|Any CPU
		{403B0E70-359B-47B0-A59B-31CB7AC9FABA}.Debug|Any CPU.ActiveCfg = Debug|Any CPU
		{403B0E70-359B-47B0-A59B-31CB7AC9FABA}.Debug|Any CPU.Build.0 = Debug|Any CPU
		{403B0E70-359B-47B0-A59B-31CB7AC9FABA}.Release|Any CPU.ActiveCfg = Release|Any CPU
		{403B0E70-359B-47B0-A59B-31CB7AC9FABA}.Release|Any CPU.Build.0 = Release|Any CPU
		{16F4B6CD-038E-40D2-8BC0-173F401DE0A1}.Debug|Any CPU.ActiveCfg = Debug|Any CPU
		{16F4B6CD-038E-40D2-8BC0-173F401DE0A1}.Debug|Any CPU.Build.0 = Debug|Any CPU
		{16F4B6CD-038E-40D2-8BC0-173F401DE0A1}.Release|Any CPU.ActiveCfg = Release|Any CPU
		{16F4B6CD-038E-40D2-8BC0-173F401DE0A1}.Release|Any CPU.Build.0 = Release|Any CPU
		{C7FE315F-52BF-4104-9651-7D31C27552E8}.Debug|Any CPU.ActiveCfg = Debug|Any CPU
		{C7FE315F-52BF-4104-9651-7D31C27552E8}.Debug|Any CPU.Build.0 = Debug|Any CPU
		{C7FE315F-52BF-4104-9651-7D31C27552E8}.Release|Any CPU.ActiveCfg = Release|Any CPU
		{C7FE315F-52BF-4104-9651-7D31C27552E8}.Release|Any CPU.Build.0 = Release|Any CPU
		{452F06C2-17E3-40BD-96A8-65A2C00154CE}.Debug|Any CPU.ActiveCfg = Debug|Any CPU
		{452F06C2-17E3-40BD-96A8-65A2C00154CE}.Debug|Any CPU.Build.0 = Debug|Any CPU
		{452F06C2-17E3-40BD-96A8-65A2C00154CE}.Release|Any CPU.ActiveCfg = Release|Any CPU
		{452F06C2-17E3-40BD-96A8-65A2C00154CE}.Release|Any CPU.Build.0 = Release|Any CPU
		{364AB9F0-63E5-46C8-8828-2E0D971A09A1}.Debug|Any CPU.ActiveCfg = Debug|Any CPU
		{364AB9F0-63E5-46C8-8828-2E0D971A09A1}.Debug|Any CPU.Build.0 = Debug|Any CPU
		{364AB9F0-63E5-46C8-8828-2E0D971A09A1}.Release|Any CPU.ActiveCfg = Release|Any CPU
		{364AB9F0-63E5-46C8-8828-2E0D971A09A1}.Release|Any CPU.Build.0 = Release|Any CPU
		{E2C81445-1574-4F93-86F2-22A3FB055BDA}.Debug|Any CPU.ActiveCfg = Debug|Any CPU
		{E2C81445-1574-4F93-86F2-22A3FB055BDA}.Debug|Any CPU.Build.0 = Debug|Any CPU
		{E2C81445-1574-4F93-86F2-22A3FB055BDA}.Release|Any CPU.ActiveCfg = Release|Any CPU
		{E2C81445-1574-4F93-86F2-22A3FB055BDA}.Release|Any CPU.Build.0 = Release|Any CPU
		{F1CAA58C-4A62-45F3-B97F-1A295B06CB29}.Debug|Any CPU.ActiveCfg = Debug|Any CPU
		{F1CAA58C-4A62-45F3-B97F-1A295B06CB29}.Debug|Any CPU.Build.0 = Debug|Any CPU
		{F1CAA58C-4A62-45F3-B97F-1A295B06CB29}.Release|Any CPU.ActiveCfg = Release|Any CPU
		{F1CAA58C-4A62-45F3-B97F-1A295B06CB29}.Release|Any CPU.Build.0 = Release|Any CPU
		{5499E047-0C17-4DBF-B2CB-DC2B1163AAC4}.Debug|Any CPU.ActiveCfg = Debug|Any CPU
		{5499E047-0C17-4DBF-B2CB-DC2B1163AAC4}.Debug|Any CPU.Build.0 = Debug|Any CPU
		{5499E047-0C17-4DBF-B2CB-DC2B1163AAC4}.Release|Any CPU.ActiveCfg = Release|Any CPU
		{5499E047-0C17-4DBF-B2CB-DC2B1163AAC4}.Release|Any CPU.Build.0 = Release|Any CPU
		{58266AA1-E5E6-46F7-85D8-86BF9F4DF4FA}.Debug|Any CPU.ActiveCfg = Debug|Any CPU
		{58266AA1-E5E6-46F7-85D8-86BF9F4DF4FA}.Debug|Any CPU.Build.0 = Debug|Any CPU
		{58266AA1-E5E6-46F7-85D8-86BF9F4DF4FA}.Release|Any CPU.ActiveCfg = Release|Any CPU
		{58266AA1-E5E6-46F7-85D8-86BF9F4DF4FA}.Release|Any CPU.Build.0 = Release|Any CPU
		{2B02B298-F2A6-4958-87BA-B8EEF4026B62}.Debug|Any CPU.ActiveCfg = Debug|Any CPU
		{2B02B298-F2A6-4958-87BA-B8EEF4026B62}.Debug|Any CPU.Build.0 = Debug|Any CPU
		{2B02B298-F2A6-4958-87BA-B8EEF4026B62}.Release|Any CPU.ActiveCfg = Release|Any CPU
		{2B02B298-F2A6-4958-87BA-B8EEF4026B62}.Release|Any CPU.Build.0 = Release|Any CPU
		{69355881-784C-4C18-8F35-06571BBE3BED}.Debug|Any CPU.ActiveCfg = Debug|Any CPU
		{69355881-784C-4C18-8F35-06571BBE3BED}.Debug|Any CPU.Build.0 = Debug|Any CPU
		{69355881-784C-4C18-8F35-06571BBE3BED}.Release|Any CPU.ActiveCfg = Release|Any CPU
		{69355881-784C-4C18-8F35-06571BBE3BED}.Release|Any CPU.Build.0 = Release|Any CPU
		{0EF66785-CD49-409E-ABE8-EF5A45EBA96B}.Debug|Any CPU.ActiveCfg = Debug|Any CPU
		{0EF66785-CD49-409E-ABE8-EF5A45EBA96B}.Debug|Any CPU.Build.0 = Debug|Any CPU
		{0EF66785-CD49-409E-ABE8-EF5A45EBA96B}.Release|Any CPU.ActiveCfg = Release|Any CPU
		{0EF66785-CD49-409E-ABE8-EF5A45EBA96B}.Release|Any CPU.Build.0 = Release|Any CPU
		{DB2E5645-45B0-4E30-8706-414897203533}.Debug|Any CPU.ActiveCfg = Debug|Any CPU
		{DB2E5645-45B0-4E30-8706-414897203533}.Debug|Any CPU.Build.0 = Debug|Any CPU
		{DB2E5645-45B0-4E30-8706-414897203533}.Release|Any CPU.ActiveCfg = Release|Any CPU
		{DB2E5645-45B0-4E30-8706-414897203533}.Release|Any CPU.Build.0 = Release|Any CPU
		{F9C490FC-9012-4DA8-8C88-8F142ADBC7E9}.Debug|Any CPU.ActiveCfg = Debug|Any CPU
		{F9C490FC-9012-4DA8-8C88-8F142ADBC7E9}.Debug|Any CPU.Build.0 = Debug|Any CPU
		{F9C490FC-9012-4DA8-8C88-8F142ADBC7E9}.Release|Any CPU.ActiveCfg = Release|Any CPU
		{F9C490FC-9012-4DA8-8C88-8F142ADBC7E9}.Release|Any CPU.Build.0 = Release|Any CPU
		{2BBA4996-ADFA-4180-922F-2A2677DBC86E}.Debug|Any CPU.ActiveCfg = Debug|Any CPU
		{2BBA4996-ADFA-4180-922F-2A2677DBC86E}.Debug|Any CPU.Build.0 = Debug|Any CPU
		{2BBA4996-ADFA-4180-922F-2A2677DBC86E}.Release|Any CPU.ActiveCfg = Release|Any CPU
		{2BBA4996-ADFA-4180-922F-2A2677DBC86E}.Release|Any CPU.Build.0 = Release|Any CPU
		{31D591EE-7294-440D-A284-58172EECFE49}.Debug|Any CPU.ActiveCfg = Debug|Any CPU
		{31D591EE-7294-440D-A284-58172EECFE49}.Debug|Any CPU.Build.0 = Debug|Any CPU
		{31D591EE-7294-440D-A284-58172EECFE49}.Release|Any CPU.ActiveCfg = Release|Any CPU
		{31D591EE-7294-440D-A284-58172EECFE49}.Release|Any CPU.Build.0 = Release|Any CPU
		{D75EB682-91A8-4A3B-8388-E1C1B3CC46BD}.Debug|Any CPU.ActiveCfg = Debug|Any CPU
		{D75EB682-91A8-4A3B-8388-E1C1B3CC46BD}.Debug|Any CPU.Build.0 = Debug|Any CPU
		{D75EB682-91A8-4A3B-8388-E1C1B3CC46BD}.Release|Any CPU.ActiveCfg = Release|Any CPU
		{D75EB682-91A8-4A3B-8388-E1C1B3CC46BD}.Release|Any CPU.Build.0 = Release|Any CPU
		{611219B0-6FFE-4AEF-B800-5C00BD282942}.Debug|Any CPU.ActiveCfg = Debug|Any CPU
		{611219B0-6FFE-4AEF-B800-5C00BD282942}.Debug|Any CPU.Build.0 = Debug|Any CPU
		{611219B0-6FFE-4AEF-B800-5C00BD282942}.Release|Any CPU.ActiveCfg = Release|Any CPU
		{611219B0-6FFE-4AEF-B800-5C00BD282942}.Release|Any CPU.Build.0 = Release|Any CPU
		{C32ECA56-F937-4996-8AE3-6121CE76C9D2}.Debug|Any CPU.ActiveCfg = Debug|Any CPU
		{C32ECA56-F937-4996-8AE3-6121CE76C9D2}.Debug|Any CPU.Build.0 = Debug|Any CPU
		{C32ECA56-F937-4996-8AE3-6121CE76C9D2}.Release|Any CPU.ActiveCfg = Release|Any CPU
		{C32ECA56-F937-4996-8AE3-6121CE76C9D2}.Release|Any CPU.Build.0 = Release|Any CPU
		{F17A8431-22FB-4FAD-A567-8079743FC6E3}.Debug|Any CPU.ActiveCfg = Debug|Any CPU
		{F17A8431-22FB-4FAD-A567-8079743FC6E3}.Debug|Any CPU.Build.0 = Debug|Any CPU
		{F17A8431-22FB-4FAD-A567-8079743FC6E3}.Release|Any CPU.ActiveCfg = Release|Any CPU
		{F17A8431-22FB-4FAD-A567-8079743FC6E3}.Release|Any CPU.Build.0 = Release|Any CPU
	EndGlobalSection
	GlobalSection(SolutionProperties) = preSolution
		HideSolutionNode = FALSE
	EndGlobalSection
	GlobalSection(NestedProjects) = preSolution
		{751A0ED7-D322-4D70-ABF6-276C2BE241CC} = {5DC74092-185C-4184-BD8B-28A1CD0347F8}
		{5D14114A-5B1E-40DC-87E6-238CB5BBFFFB} = {751A0ED7-D322-4D70-ABF6-276C2BE241CC}
		{3DF21BFD-66A2-465A-B4A7-8A4F2F112C29} = {751A0ED7-D322-4D70-ABF6-276C2BE241CC}
		{CBD98D01-E190-449F-882D-2A0FB2B79300} = {5DC74092-185C-4184-BD8B-28A1CD0347F8}
		{9288C964-2B42-44B8-94CC-84CC8803B717} = {CBD98D01-E190-449F-882D-2A0FB2B79300}
		{EEFF10F1-E16A-41D3-89AC-4772B3EB6AC3} = {5DC74092-185C-4184-BD8B-28A1CD0347F8}
		{58F6AED7-B881-4C26-8089-D2840357A792} = {EEFF10F1-E16A-41D3-89AC-4772B3EB6AC3}
		{2C3B627D-25F6-4D07-BE91-0E86AB293D91} = {58F6AED7-B881-4C26-8089-D2840357A792}
		{A2001912-6F2F-4D05-BD94-ACA04FEA7D25} = {58F6AED7-B881-4C26-8089-D2840357A792}
		{D6AA9408-10E9-4DB5-8ACB-AEA9F7E7D662} = {58F6AED7-B881-4C26-8089-D2840357A792}
		{96C775F3-94FE-4250-8741-8BE162409C72} = {EEFF10F1-E16A-41D3-89AC-4772B3EB6AC3}
		{80F99C46-B856-47D4-8D3F-1DF5CB496555} = {5DC74092-185C-4184-BD8B-28A1CD0347F8}
		{B7C31E01-9660-498E-9B04-DCD01B24AAD6} = {80F99C46-B856-47D4-8D3F-1DF5CB496555}
		{5AB9127B-ED35-46FE-9D94-FF1839C98BF5} = {80F99C46-B856-47D4-8D3F-1DF5CB496555}
		{F6B97973-1161-4F73-81F0-59929FDF6019} = {80F99C46-B856-47D4-8D3F-1DF5CB496555}
		{CB5D8C1A-D7DA-4716-AFC4-EA021B0671FF} = {5DC74092-185C-4184-BD8B-28A1CD0347F8}
		{F980EF8F-7212-4C14-87A5-DC75FC6267B8} = {CB5D8C1A-D7DA-4716-AFC4-EA021B0671FF}
		{053F7B4E-2EC1-42BF-8424-7170B4A1B0A6} = {CB5D8C1A-D7DA-4716-AFC4-EA021B0671FF}
		{EA252E4B-0235-4498-A588-874DA1C17873} = {5DC74092-185C-4184-BD8B-28A1CD0347F8}
		{0D059D4C-D159-4E8A-BEA7-770F25E6887F} = {EA252E4B-0235-4498-A588-874DA1C17873}
		{5B5A9B7E-08B3-4FA5-99BE-F15CB9919EFD} = {5DC74092-185C-4184-BD8B-28A1CD0347F8}
		{65B9E2FB-5A53-46D7-8802-F1A13004AA6C} = {5B5A9B7E-08B3-4FA5-99BE-F15CB9919EFD}
		{E9B63D5F-8739-4ADD-88B3-ED88167ECD9E} = {5B5A9B7E-08B3-4FA5-99BE-F15CB9919EFD}
		{CBB2E7A6-24B4-435D-A1AF-8BFEBE39246A} = {5DC74092-185C-4184-BD8B-28A1CD0347F8}
		{E4029EA4-9B0F-4F97-A34D-B91CECAD5297} = {CBB2E7A6-24B4-435D-A1AF-8BFEBE39246A}
		{1F9C20C9-BEB3-4CAA-ADFD-01DB95489C94} = {CBB2E7A6-24B4-435D-A1AF-8BFEBE39246A}
		{7F98D642-70E2-4EC5-8798-A061334FF32E} = {5DC74092-185C-4184-BD8B-28A1CD0347F8}
		{45F0EB35-DF85-42F5-BF20-2A44496D34B8} = {7F98D642-70E2-4EC5-8798-A061334FF32E}
		{444DCE87-E550-4009-B272-C0986A8586E6} = {7F98D642-70E2-4EC5-8798-A061334FF32E}
		{56079070-E29D-4AEB-AE69-F64DE5318993} = {5DC74092-185C-4184-BD8B-28A1CD0347F8}
		{FF01766B-5AE5-4807-9CF3-C37E4C991F09} = {56079070-E29D-4AEB-AE69-F64DE5318993}
		{00884F0E-50DF-48CB-8059-9CDAAFA584CD} = {5DC74092-185C-4184-BD8B-28A1CD0347F8}
		{6168A293-F944-460C-9BE2-8CE1CE80CF88} = {00884F0E-50DF-48CB-8059-9CDAAFA584CD}
		{B0B3EB4B-06E2-4E98-8F4B-565372A53211} = {00884F0E-50DF-48CB-8059-9CDAAFA584CD}
		{7A329AD0-0FC0-4F69-8275-D0DDCABAACEF} = {5DC74092-185C-4184-BD8B-28A1CD0347F8}
		{68127111-BA1D-46D9-B161-CC6DAB866929} = {7A329AD0-0FC0-4F69-8275-D0DDCABAACEF}
		{CF85FC47-9C54-40CA-888E-78F6119A4FAD} = {7A329AD0-0FC0-4F69-8275-D0DDCABAACEF}
		{B24F2357-D66B-45DA-8961-BA86C619BD55} = {5DC74092-185C-4184-BD8B-28A1CD0347F8}
		{9743752A-7060-41C3-AFA8-00B601280903} = {B24F2357-D66B-45DA-8961-BA86C619BD55}
		{476B71BF-522C-4446-A618-F897B3EE7C8C} = {B24F2357-D66B-45DA-8961-BA86C619BD55}
		{34199F6B-A979-4D05-8AFB-DF390FB42A0A} = {5DC74092-185C-4184-BD8B-28A1CD0347F8}
		{DB9F5C90-F090-44F4-84DD-8E6A73F23E6D} = {34199F6B-A979-4D05-8AFB-DF390FB42A0A}
		{3199708E-F1FA-4FB7-80FA-00599F9123B9} = {34199F6B-A979-4D05-8AFB-DF390FB42A0A}
		{ACED34EE-5E67-404B-9305-E55F1000091D} = {5DC74092-185C-4184-BD8B-28A1CD0347F8}
		{925EA460-CEB6-428A-AB1E-877AC7C9FD7E} = {ACED34EE-5E67-404B-9305-E55F1000091D}
		{E517F8E0-36C6-4832-99F0-BBBE911C9F7C} = {ACED34EE-5E67-404B-9305-E55F1000091D}
		{9A3B6AF3-D0C7-4B68-A7C5-6AB5229D15FB} = {5DC74092-185C-4184-BD8B-28A1CD0347F8}
		{2DE8E04F-1A10-4E8D-85A1-1541C1A8339D} = {9A3B6AF3-D0C7-4B68-A7C5-6AB5229D15FB}
		{7BB0F560-6C99-4D55-98E3-42F7B108D33B} = {9A3B6AF3-D0C7-4B68-A7C5-6AB5229D15FB}
		{C23B08FB-2572-4A57-97CE-99ECFAC0CB89} = {5DC74092-185C-4184-BD8B-28A1CD0347F8}
		{CA1B09E1-AC58-48C9-BF05-1F002DEFB85E} = {C23B08FB-2572-4A57-97CE-99ECFAC0CB89}
		{F4038ED7-D637-4BE5-BA10-92AEECEF0026} = {C23B08FB-2572-4A57-97CE-99ECFAC0CB89}
		{ECF85F39-2A0C-4B59-9E48-BA7B07C50A19} = {5DC74092-185C-4184-BD8B-28A1CD0347F8}
		{F365D547-E2ED-438F-8760-77171E816140} = {ECF85F39-2A0C-4B59-9E48-BA7B07C50A19}
		{5725F792-5C0C-411A-9D62-53BE19581FA3} = {ECF85F39-2A0C-4B59-9E48-BA7B07C50A19}
		{77C3BAD4-C4DA-4AC5-ACF7-44E2A6BE53BA} = {5DC74092-185C-4184-BD8B-28A1CD0347F8}
		{335D185F-304B-4833-A79E-5F7F81A93357} = {77C3BAD4-C4DA-4AC5-ACF7-44E2A6BE53BA}
		{48E9F054-9ADA-494D-92E3-A75216C61966} = {77C3BAD4-C4DA-4AC5-ACF7-44E2A6BE53BA}
		{BBB43D5C-426D-43BF-A8B2-EFC5FD46A496} = {5DC74092-185C-4184-BD8B-28A1CD0347F8}
		{492E2791-4720-45C4-A191-ABA35B026EE8} = {BBB43D5C-426D-43BF-A8B2-EFC5FD46A496}
		{57B1B40A-5860-47C7-AE6D-4D7A1855C6C9} = {BBB43D5C-426D-43BF-A8B2-EFC5FD46A496}
		{0CE4DFF5-D03F-43A9-8EDA-A16A86057644} = {5DC74092-185C-4184-BD8B-28A1CD0347F8}
		{4AA5E639-A146-4BB0-B811-AB3A28DAC96C} = {0CE4DFF5-D03F-43A9-8EDA-A16A86057644}
		{1231B324-DBC3-437A-84E8-6D09F2033D77} = {5DC74092-185C-4184-BD8B-28A1CD0347F8}
		{E8036012-C74B-40F5-90E4-BF7761BF4419} = {1231B324-DBC3-437A-84E8-6D09F2033D77}
		{EE9DC230-4AB2-4033-9156-3B1D73FF781E} = {1231B324-DBC3-437A-84E8-6D09F2033D77}
		{5015456E-BCEB-4885-8BB2-C63D8C0840B3} = {5DC74092-185C-4184-BD8B-28A1CD0347F8}
		{E66A1A7E-37C5-4862-BF1A-55BB7778B630} = {5015456E-BCEB-4885-8BB2-C63D8C0840B3}
		{9FFC177A-9D9D-4D61-9BD6-655DE06F1437} = {5015456E-BCEB-4885-8BB2-C63D8C0840B3}
		{12B6A18D-A9D0-4C78-A1B8-71C325F8C1AE} = {5DC74092-185C-4184-BD8B-28A1CD0347F8}
		{4C4588B7-43C1-400C-999D-BBFC3357234A} = {12B6A18D-A9D0-4C78-A1B8-71C325F8C1AE}
		{A5787F7C-6418-4D30-94A0-A2A17D94B0A9} = {12B6A18D-A9D0-4C78-A1B8-71C325F8C1AE}
		{A11A7BF5-1520-48DE-9E72-7886178E1677} = {5DC74092-185C-4184-BD8B-28A1CD0347F8}
		{2E0DB8D6-D289-414E-825A-DBC5CADC4724} = {A11A7BF5-1520-48DE-9E72-7886178E1677}
		{DD3CAD72-2159-49F5-B6DE-4F995855F5B5} = {A11A7BF5-1520-48DE-9E72-7886178E1677}
		{234411B9-429E-41E9-853D-0432835E6EC4} = {5DC74092-185C-4184-BD8B-28A1CD0347F8}
		{82671180-295E-44A4-8274-EF7EC2E75FA0} = {234411B9-429E-41E9-853D-0432835E6EC4}
		{B6D04C42-9DE1-44A5-B3E2-B7871CE26AE9} = {234411B9-429E-41E9-853D-0432835E6EC4}
		{FB3D2584-E87F-41CB-863A-78C9000DF489} = {5DC74092-185C-4184-BD8B-28A1CD0347F8}
		{33EB2C51-A24C-4CE7-B2E6-395D2F3A891D} = {FB3D2584-E87F-41CB-863A-78C9000DF489}
		{06C5A78A-572A-409D-B8AB-7084F3FA8768} = {5DC74092-185C-4184-BD8B-28A1CD0347F8}
		{75571062-25DD-4951-B9DF-49B21C75B072} = {06C5A78A-572A-409D-B8AB-7084F3FA8768}
		{403B0E70-359B-47B0-A59B-31CB7AC9FABA} = {06C5A78A-572A-409D-B8AB-7084F3FA8768}
		{4F95DEFE-97A2-4F11-A49D-7F67022C9603} = {5DC74092-185C-4184-BD8B-28A1CD0347F8}
		{16F4B6CD-038E-40D2-8BC0-173F401DE0A1} = {4F95DEFE-97A2-4F11-A49D-7F67022C9603}
		{C7FE315F-52BF-4104-9651-7D31C27552E8} = {4F95DEFE-97A2-4F11-A49D-7F67022C9603}
		{7CED9F60-D5DE-4671-B957-B49F8F88945B} = {5DC74092-185C-4184-BD8B-28A1CD0347F8}
		{452F06C2-17E3-40BD-96A8-65A2C00154CE} = {7CED9F60-D5DE-4671-B957-B49F8F88945B}
		{364AB9F0-63E5-46C8-8828-2E0D971A09A1} = {7CED9F60-D5DE-4671-B957-B49F8F88945B}
		{7CD92715-C5AE-4BB2-8E72-93906247C1E2} = {5DC74092-185C-4184-BD8B-28A1CD0347F8}
		{E2C81445-1574-4F93-86F2-22A3FB055BDA} = {7CD92715-C5AE-4BB2-8E72-93906247C1E2}
		{087084E6-0C02-4C02-AFC3-FE63F39831B1} = {5DC74092-185C-4184-BD8B-28A1CD0347F8}
		{F1CAA58C-4A62-45F3-B97F-1A295B06CB29} = {087084E6-0C02-4C02-AFC3-FE63F39831B1}
		{5499E047-0C17-4DBF-B2CB-DC2B1163AAC4} = {087084E6-0C02-4C02-AFC3-FE63F39831B1}
		{390C453F-B9C1-4B46-83AD-8A379E28A57D} = {5DC74092-185C-4184-BD8B-28A1CD0347F8}
		{58266AA1-E5E6-46F7-85D8-86BF9F4DF4FA} = {390C453F-B9C1-4B46-83AD-8A379E28A57D}
		{3C37F37D-871B-48C3-B6B0-3958D8969D83} = {5DC74092-185C-4184-BD8B-28A1CD0347F8}
		{2B02B298-F2A6-4958-87BA-B8EEF4026B62} = {3C37F37D-871B-48C3-B6B0-3958D8969D83}
		{69355881-784C-4C18-8F35-06571BBE3BED} = {3C37F37D-871B-48C3-B6B0-3958D8969D83}
		{527BD917-D8D2-4F1C-811E-55A61556638E} = {5DC74092-185C-4184-BD8B-28A1CD0347F8}
		{0EF66785-CD49-409E-ABE8-EF5A45EBA96B} = {527BD917-D8D2-4F1C-811E-55A61556638E}
		{DB2E5645-45B0-4E30-8706-414897203533} = {527BD917-D8D2-4F1C-811E-55A61556638E}
		{C60A9850-1B4C-4106-8CA5-3A28331C6ADD} = {5DC74092-185C-4184-BD8B-28A1CD0347F8}
		{F9C490FC-9012-4DA8-8C88-8F142ADBC7E9} = {C60A9850-1B4C-4106-8CA5-3A28331C6ADD}
		{710E6AB4-7D43-4537-871E-8F860A19CB0D} = {5DC74092-185C-4184-BD8B-28A1CD0347F8}
		{2BBA4996-ADFA-4180-922F-2A2677DBC86E} = {710E6AB4-7D43-4537-871E-8F860A19CB0D}
		{31D591EE-7294-440D-A284-58172EECFE49} = {710E6AB4-7D43-4537-871E-8F860A19CB0D}
		{D75EB682-91A8-4A3B-8388-E1C1B3CC46BD} = {710E6AB4-7D43-4537-871E-8F860A19CB0D}
		{1F1989F5-38DB-437D-B093-0BB03A79ABFC} = {5DC74092-185C-4184-BD8B-28A1CD0347F8}
		{611219B0-6FFE-4AEF-B800-5C00BD282942} = {1F1989F5-38DB-437D-B093-0BB03A79ABFC}
		{C32ECA56-F937-4996-8AE3-6121CE76C9D2} = {1F1989F5-38DB-437D-B093-0BB03A79ABFC}
		{F17A8431-22FB-4FAD-A567-8079743FC6E3} = {1F1989F5-38DB-437D-B093-0BB03A79ABFC}
	EndGlobalSection
	GlobalSection(ExtensibilityGlobals) = postSolution
		SolutionGuid = {5F80290E-0E57-4EBF-A60F-F5576B297140}
	EndGlobalSection
EndGlobal
